
Microsoft Visual Studio Solution File, Format Version 12.00
# Visual Studio Version 17
VisualStudioVersion = 17.13.35919.96 d17.13
MinimumVisualStudioVersion = 10.0.40219.1
Project("{FAE04EC0-301F-11D3-BF4B-00C04F79EFBC}") = "CEDigitalSQL-API", "CEDigitalSQL-API.csproj", "{B2AF5882-B7D8-4BD8-B50F-5460388588EA}"
EndProject
Global
	GlobalSection(SolutionConfigurationPlatforms) = preSolution
		Debug|Any CPU = Debug|Any CPU
		Release|Any CPU = Release|Any CPU
	EndGlobalSection
	GlobalSection(ProjectConfigurationPlatforms) = postSolution
		{B2AF5882-B7D8-4BD8-B50F-5460388588EA}.Debug|Any CPU.ActiveCfg = Debug|Any CPU
		{B2AF5882-B7D8-4BD8-B50F-5460388588EA}.Debug|Any CPU.Build.0 = Debug|Any CPU
		{B2AF5882-B7D8-4BD8-B50F-5460388588EA}.Release|Any CPU.ActiveCfg = Release|Any CPU
		{B2AF5882-B7D8-4BD8-B50F-5460388588EA}.Release|Any CPU.Build.0 = Release|Any CPU
	EndGlobalSection
	GlobalSection(SolutionProperties) = preSolution
		HideSolutionNode = FALSE
	EndGlobalSection
	GlobalSection(ExtensibilityGlobals) = postSolution
		SolutionGuid = {A8C62900-610F-4FC1-BAA1-F8FF52076FB6}
	EndGlobalSection
EndGlobal
